
Microsoft Visual Studio Solution File, Format Version 12.00
# Visual Studio Version 16
VisualStudioVersion = 16.0.30413.136
MinimumVisualStudioVersion = 10.0.40219.1
Project("{888888A0-9F3D-457C-B088-3A5042F75D52}") = "Important", "Important\Important.pyproj", "{BC3A5B8A-41BF-4E6F-B510-85E46F855D9B}"
EndProject
Global
	GlobalSection(SolutionConfigurationPlatforms) = preSolution
		Debug|Any CPU = Debug|Any CPU
		Release|Any CPU = Release|Any CPU
	EndGlobalSection
	GlobalSection(ProjectConfigurationPlatforms) = postSolution
		{BC3A5B8A-41BF-4E6F-B510-85E46F855D9B}.Debug|Any CPU.ActiveCfg = Debug|Any CPU
		{BC3A5B8A-41BF-4E6F-B510-85E46F855D9B}.Release|Any CPU.ActiveCfg = Release|Any CPU
	EndGlobalSection
	GlobalSection(SolutionProperties) = preSolution
		HideSolutionNode = FALSE
	EndGlobalSection
	GlobalSection(ExtensibilityGlobals) = postSolution
		SolutionGuid = {12C6F6CB-8315-4CD8-86C5-E2ABEE2838EB}
	EndGlobalSection
EndGlobal
